
Microsoft Visual Studio Solution File, Format Version 12.00
# Visual Studio Version 17
VisualStudioVersion = 17.5.33627.172
MinimumVisualStudioVersion = 10.0.40219.1
Project("{FAE04EC0-301F-11D3-BF4B-00C04F79EFBC}") = "ListBox.Homework", "ListBox.Homework\ListBox.Homework.csproj", "{66DDC72E-9602-42E3-83C4-6B570FAB9105}"
EndProject
Global
	GlobalSection(SolutionConfigurationPlatforms) = preSolution
		Debug|Any CPU = Debug|Any CPU
		Release|Any CPU = Release|Any CPU
	EndGlobalSection
	GlobalSection(ProjectConfigurationPlatforms) = postSolution
		{66DDC72E-9602-42E3-83C4-6B570FAB9105}.Debug|Any CPU.ActiveCfg = Debug|Any CPU
		{66DDC72E-9602-42E3-83C4-6B570FAB9105}.Debug|Any CPU.Build.0 = Debug|Any CPU
		{66DDC72E-9602-42E3-83C4-6B570FAB9105}.Release|Any CPU.ActiveCfg = Release|Any CPU
		{66DDC72E-9602-42E3-83C4-6B570FAB9105}.Release|Any CPU.Build.0 = Release|Any CPU
	EndGlobalSection
	GlobalSection(SolutionProperties) = preSolution
		HideSolutionNode = FALSE
	EndGlobalSection
	GlobalSection(ExtensibilityGlobals) = postSolution
		SolutionGuid = {A7AC8B9F-95B6-4C0D-A4F0-7C351DFD490C}
	EndGlobalSection
EndGlobal
